
Microsoft Visual Studio Solution File, Format Version 12.00
# Visual Studio Version 17
VisualStudioVersion = 17.1.32414.318
MinimumVisualStudioVersion = 10.0.40219.1
Project("{9A19103F-16F7-4668-BE54-9A1E7A4F7556}") = "MudBlazorTemplates1.Client", "Client\MudBlazorTemplates1.Client.csproj", "{4E7536CC-F75C-4C43-9157-2C823C261EC4}"
EndProject
Project("{9A19103F-16F7-4668-BE54-9A1E7A4F7556}") = "MudBlazorTemplates1.Server", "Server\MudBlazorTemplates1.Server.csproj", "{6FDBB556-070F-4EF3-A9DE-26262C36F984}"
EndProject
Project("{9A19103F-16F7-4668-BE54-9A1E7A4F7556}") = "MudBlazorTemplates1.Shared", "Shared\MudBlazorTemplates1.Shared.csproj", "{8085F786-D632-449B-81E0-A31A5BD32278}"
EndProject
Global
	GlobalSection(SolutionConfigurationPlatforms) = preSolution
		Debug|Any CPU = Debug|Any CPU
		Release|Any CPU = Release|Any CPU
	EndGlobalSection
	GlobalSection(ProjectConfigurationPlatforms) = postSolution
		{4E7536CC-F75C-4C43-9157-2C823C261EC4}.Debug|Any CPU.ActiveCfg = Debug|Any CPU
		{4E7536CC-F75C-4C43-9157-2C823C261EC4}.Debug|Any CPU.Build.0 = Debug|Any CPU
		{4E7536CC-F75C-4C43-9157-2C823C261EC4}.Release|Any CPU.ActiveCfg = Release|Any CPU
		{4E7536CC-F75C-4C43-9157-2C823C261EC4}.Release|Any CPU.Build.0 = Release|Any CPU
		{6FDBB556-070F-4EF3-A9DE-26262C36F984}.Debug|Any CPU.ActiveCfg = Debug|Any CPU
		{6FDBB556-070F-4EF3-A9DE-26262C36F984}.Debug|Any CPU.Build.0 = Debug|Any CPU
		{6FDBB556-070F-4EF3-A9DE-26262C36F984}.Release|Any CPU.ActiveCfg = Release|Any CPU
		{6FDBB556-070F-4EF3-A9DE-26262C36F984}.Release|Any CPU.Build.0 = Release|Any CPU
		{8085F786-D632-449B-81E0-A31A5BD32278}.Debug|Any CPU.ActiveCfg = Debug|Any CPU
		{8085F786-D632-449B-81E0-A31A5BD32278}.Debug|Any CPU.Build.0 = Debug|Any CPU
		{8085F786-D632-449B-81E0-A31A5BD32278}.Release|Any CPU.ActiveCfg = Release|Any CPU
		{8085F786-D632-449B-81E0-A31A5BD32278}.Release|Any CPU.Build.0 = Release|Any CPU
	EndGlobalSection
	GlobalSection(SolutionProperties) = preSolution
		HideSolutionNode = FALSE
	EndGlobalSection
	GlobalSection(ExtensibilityGlobals) = postSolution
		SolutionGuid = {2593D6F4-DE11-4057-AFB0-B2B19657E53D}
	EndGlobalSection
EndGlobal
